# This file is autogenerated, do not edit; changes may be undone by the next 'dep ensure'.


[[projects]]
  branch = "shareledger/modified"
  digest = "1:e9443c994c10128d910eb2df2fddb4ee9d980e8249d990331ce17e60ac29eb8f"
  name = "bitbucket.org/shareringvn/cosmos-sdk"
  packages = [
    "baseapp",
    "store",
    "types",
    "version",
    "wire",
    "x/auth",
  ]
  pruneopts = "UT"
  revision = "bf3ee3cc2dace1edc6486f44b24bff87cb14ea70"

[[projects]]
  branch = "master"
  digest = "1:2c00f064ba355903866cbfbf3f7f4c0fe64af6638cc7d1b8bdcf3181bc67f1d8"
  name = "github.com/btcsuite/btcd"
  packages = ["btcec"]
  pruneopts = "UT"
  revision = "cf05f92c3f815bbd5091ed6c73eff51f7b1945e8"

[[projects]]
  branch = "master"
  digest = "1:386de157f7d19259a7f9c81f26ce011223ce0f090353c1152ffdf730d7d10ac2"
  name = "github.com/btcsuite/btcutil"
  packages = ["bech32"]
  pruneopts = "UT"
  revision = "ab6388e0c60ae4834a1f57511e20c17b5f78be4b"

[[projects]]
  digest = "1:a2c1d0e43bd3baaa071d1b9ed72c27d78169b2b269f71c105ac4ba34b1be4a39"
  name = "github.com/davecgh/go-spew"
  packages = ["spew"]
  pruneopts = "UT"
  revision = "346938d642f2ec3594ed81d874461961cd0faa76"
  version = "v1.1.0"

[[projects]]
  digest = "1:980f0d661cc5282a95e44ad9af7193af7a255915b1aa8d1a316f71d7dcd9f1f1"
  name = "github.com/ethereum/go-ethereum"
  packages = ["crypto/sha3"]
  pruneopts = "UT"
  revision = "225171a4bfcc16bd12a1906b1e0d43d0b18c353b"
  version = "v1.8.13"

[[projects]]
  digest = "1:abeb38ade3f32a92943e5be54f55ed6d6e3b6602761d74b4aab4c9dd45c18abd"
  name = "github.com/fsnotify/fsnotify"
  packages = ["."]
  pruneopts = "UT"
  revision = "c2828203cd70a50dcccfb2761f8b1f8ceef9a8e9"
  version = "v1.4.7"

[[projects]]
  digest = "1:704b145137b5555c6bac6a7e52875e4df8a0a1b7ea74aaae864abcab61e672b0"
  name = "github.com/go-kit/kit"
  packages = [
    "log",
    "log/level",
    "log/term",
  ]
  pruneopts = "UT"
  revision = "4dc7be5d2d12881735283bcab7352178e190fc71"
  version = "v0.6.0"

[[projects]]
  digest = "1:31a18dae27a29aa074515e43a443abfd2ba6deb6d69309d8d7ce789c45f34659"
  name = "github.com/go-logfmt/logfmt"
  packages = ["."]
  pruneopts = "UT"
  revision = "390ab7935ee28ec6b286364bba9b4dd6410cb3d5"
  version = "v0.3.0"

[[projects]]
  digest = "1:c4a2528ccbcabf90f9f3c464a5fc9e302d592861bbfd0b7135a7de8a943d0406"
  name = "github.com/go-stack/stack"
  packages = ["."]
  pruneopts = "UT"
  revision = "259ab82a6cad3992b4e21ff5cac294ccb06474bc"
  version = "v1.7.0"

[[projects]]
  digest = "1:295c678b7bcd8a28f77c5bdb565b4f56a7710fcbf3754d78d2465bfdf44aef68"
  name = "github.com/gogo/protobuf"
  packages = [
    "gogoproto",
    "jsonpb",
    "proto",
    "protoc-gen-gogo/descriptor",
    "sortkeys",
    "types",
  ]
  pruneopts = "UT"
  revision = "1adfc126b41513cc696b209667c8656ea7aac67c"
  version = "v1.0.0"

[[projects]]
  digest = "1:8caffcd8995b0eae7d2c18b2baefabef331bb05b1e16ed2b26b732c3349e6989"
  name = "github.com/golang/protobuf"
  packages = [
    "proto",
    "ptypes",
    "ptypes/any",
    "ptypes/duration",
    "ptypes/timestamp",
  ]
  pruneopts = "UT"
  revision = "925541529c1fa6821df4e44ce2723319eb2be768"
  version = "v1.0.0"

[[projects]]
  branch = "master"
  digest = "1:4a0c6bb4805508a6287675fac876be2ac1182539ca8a32468d8128882e9d5009"
  name = "github.com/golang/snappy"
  packages = ["."]
  pruneopts = "UT"
  revision = "2e65f85255dbc3072edf28d6b5b8efc472979f5a"

[[projects]]
  digest = "1:2e3c336fc7fde5c984d2841455a658a6d626450b1754a854b3b32e7a8f49a07a"
  name = "github.com/google/go-cmp"
  packages = [
    "cmp",
    "cmp/internal/diff",
    "cmp/internal/function",
    "cmp/internal/value",
  ]
  pruneopts = "UT"
  revision = "3af367b6b30c263d47e8895973edcca9a49cf029"
  version = "v0.2.0"

[[projects]]
  branch = "master"
  digest = "1:a361611b8c8c75a1091f00027767f7779b29cb37c456a71b8f2604c88057ab40"
  name = "github.com/hashicorp/hcl"
  packages = [
    ".",
    "hcl/ast",
    "hcl/parser",
    "hcl/printer",
    "hcl/scanner",
    "hcl/strconv",
    "hcl/token",
    "json/parser",
    "json/scanner",
    "json/token",
  ]
  pruneopts = "UT"
  revision = "ef8a98b0bbce4a65b5aa4c368430a80ddc533168"

[[projects]]
  digest = "1:870d441fe217b8e689d7949fef6e43efbc787e50f200cb1e70dbca9204a1d6be"
  name = "github.com/inconshreveable/mousetrap"
  packages = ["."]
  pruneopts = "UT"
  revision = "76626ae9c91c4f2a10f34cad8ce83ea42c93bb75"
  version = "v1.0"

[[projects]]
  branch = "master"
  digest = "1:39b27d1381a30421f9813967a5866fba35dc1d4df43a6eefe3b7a5444cb07214"
  name = "github.com/jmhodges/levigo"
  packages = ["."]
  pruneopts = "UT"
  revision = "c42d9e0ca023e2198120196f842701bb4c55d7b9"

[[projects]]
  branch = "master"
  digest = "1:a64e323dc06b73892e5bb5d040ced475c4645d456038333883f58934abbf6f72"
  name = "github.com/kr/logfmt"
  packages = ["."]
  pruneopts = "UT"
  revision = "b84e30acd515aadc4b783ad4ff83aff3299bdfe0"

[[projects]]
  digest = "1:c568d7727aa262c32bdf8a3f7db83614f7af0ed661474b24588de635c20024c7"
  name = "github.com/magiconair/properties"
  packages = ["."]
  pruneopts = "UT"
  revision = "c2353362d570a7bfa228149c62842019201cfb71"
  version = "v1.8.0"

[[projects]]
  branch = "master"
  digest = "1:5ab79470a1d0fb19b041a624415612f8236b3c06070161a910562f2b2d064355"
  name = "github.com/mitchellh/mapstructure"
  packages = ["."]
  pruneopts = "UT"
  revision = "f15292f7a699fcc1a38a80977f80a046874ba8ac"

[[projects]]
  digest = "1:95741de3af260a92cc5c7f3f3061e85273f5a81b5db20d4bd68da74bd521675e"
  name = "github.com/pelletier/go-toml"
  packages = ["."]
  pruneopts = "UT"
  revision = "c01d1270ff3e442a8a57cddc1c92dc1138598194"
  version = "v1.2.0"

[[projects]]
  digest = "1:40e195917a951a8bf867cd05de2a46aaf1806c50cf92eebf4c16f78cd196f747"
  name = "github.com/pkg/errors"
  packages = ["."]
  pruneopts = "UT"
  revision = "645ef00459ed84a119197bfb8d8205042c6df63d"
  version = "v0.8.0"

[[projects]]
  digest = "1:bd1ae00087d17c5a748660b8e89e1043e1e5479d0fea743352cda2f8dd8c4f84"
  name = "github.com/spf13/afero"
  packages = [
    ".",
    "mem",
  ]
  pruneopts = "UT"
  revision = "787d034dfe70e44075ccc060d346146ef53270ad"
  version = "v1.1.1"

[[projects]]
  digest = "1:516e71bed754268937f57d4ecb190e01958452336fa73dbac880894164e91c1f"
  name = "github.com/spf13/cast"
  packages = ["."]
  pruneopts = "UT"
  revision = "8965335b8c7107321228e3e3702cab9832751bac"
  version = "v1.2.0"

[[projects]]
  digest = "1:645cabccbb4fa8aab25a956cbcbdf6a6845ca736b2c64e197ca7cbb9d210b939"
  name = "github.com/spf13/cobra"
  packages = ["."]
  pruneopts = "UT"
  revision = "ef82de70bb3f60c65fb8eebacbb2d122ef517385"
  version = "v0.0.3"

[[projects]]
  branch = "master"
  digest = "1:080e5f630945ad754f4b920e60b4d3095ba0237ebf88dc462eb28002932e3805"
  name = "github.com/spf13/jwalterweatherman"
  packages = ["."]
  pruneopts = "UT"
  revision = "7c0cea34c8ece3fbeb2b27ab9b59511d360fb394"

[[projects]]
  digest = "1:9424f440bba8f7508b69414634aef3b2b3a877e522d8a4624692412805407bb7"
  name = "github.com/spf13/pflag"
  packages = ["."]
  pruneopts = "UT"
  revision = "583c0c0531f06d5278b7d917446061adc344b5cd"
  version = "v1.0.1"

[[projects]]
  digest = "1:59e7dceb53b4a1e57eb1eb0bf9951ff0c25912df7660004a789b62b4e8cdca3b"
  name = "github.com/spf13/viper"
  packages = ["."]
  pruneopts = "UT"
  revision = "b5e8006cbee93ec955a89ab31e0e3ce3204f3736"
  version = "v1.0.2"

[[projects]]
  branch = "master"
  digest = "1:b3cfb8d82b1601a846417c3f31c03a7961862cb2c98dcf0959c473843e6d9a2b"
  name = "github.com/syndtr/goleveldb"
  packages = [
    "leveldb",
    "leveldb/cache",
    "leveldb/comparer",
    "leveldb/errors",
    "leveldb/filter",
    "leveldb/iterator",
    "leveldb/journal",
    "leveldb/memdb",
    "leveldb/opt",
    "leveldb/storage",
    "leveldb/table",
    "leveldb/util",
  ]
  pruneopts = "UT"
  revision = "c4c61651e9e37fa117f53c5a906d3b63090d8445"

[[projects]]
  digest = "1:2571e989949bfd8778b45643efbadfc75932801163bd322245085bf5c99f1503"
  name = "github.com/tendermint/abci"
  packages = [
    "server",
    "types",
  ]
  pruneopts = "UT"
  revision = "198dccf0ddfd1bb176f87657e3286a05a6ed9540"
  version = "v0.12.0"

[[projects]]
  branch = "master"
  digest = "1:087aaa7920e5d0bf79586feb57ce01c35c830396ab4392798112e8aae8c47722"
  name = "github.com/tendermint/ed25519"
  packages = [
    ".",
    "edwards25519",
    "extra25519",
  ]
  pruneopts = "UT"
  revision = "d8387025d2b9d158cf4efb07e7ebf814bcce2057"

[[projects]]
  digest = "1:40ffe9faf3665e765d4fab2064dc6c900c1ad3ff7bd7c6df9e01a83a0c658b80"
  name = "github.com/tendermint/go-amino"
  packages = ["."]
  pruneopts = "UT"
  revision = "ed62928576cfcaf887209dc96142cd79cdfff389"
  version = "0.9.9"

[[projects]]
  digest = "1:1df784eeb88152e0f257ea4ee0c95f7c83c2eb925f66e9879d6bba5756398bd5"
  name = "github.com/tendermint/go-crypto"
  packages = ["."]
  pruneopts = "UT"
  revision = "915416979bf70efa4bcbf1c6cd5d64c5fff9fc19"
  version = "v0.6.2"

[[projects]]
  digest = "1:daab02ff615dc215dd50951d60e45c786cffe7afa0a8974a79ce97830cc35d70"
  name = "github.com/tendermint/iavl"
  packages = [
    ".",
    "sha256truncated",
  ]
  pruneopts = "UT"
  revision = "c9206995e8f948e99927f5084a88a7e94ca256da"
  version = "v0.8.0-rc0"

[[projects]]
  digest = "1:376449149131be56ef25adaf7a06d3f9ec560c810cd6344cec3177b9050317d6"
  name = "github.com/tendermint/tendermint"
  packages = [
    "libs/pubsub",
    "libs/pubsub/query",
    "types",
  ]
  pruneopts = "UT"
  revision = "696e8c6f9e950eec15f150f314d2dd9ddf6bc601"

[[projects]]
  digest = "1:c3c008a21f1a4ff0647be095b04101cc29074840de01885ea1b3146ce8ebabc5"
  name = "github.com/tendermint/tmlibs"
  packages = [
    "bech32",
    "cli",
    "common",
    "db",
    "log",
    "merkle",
    "merkle/tmhash",
  ]
  pruneopts = "UT"
  revision = "0c98d10b4ffbd87978d79c160e835b3d3df241ec"

[[projects]]
  branch = "master"
  digest = "1:b3ef72557d43a445c38a19b8ca66b3073d0746d8d44146e2f2ee531999fdc33a"
  name = "golang.org/x/crypto"
  packages = [
    "internal/subtle",
    "nacl/secretbox",
    "openpgp/armor",
    "openpgp/errors",
    "poly1305",
    "ripemd160",
    "salsa20/salsa",
  ]
  pruneopts = "UT"
  revision = "f027049dab0ad238e394a753dba2d14753473a04"

[[projects]]
  branch = "master"
  digest = "1:b5c3834d33445efdc5a8dcb154bed9e4c211edadbf02f6f5cc20c5e9be26a499"
  name = "golang.org/x/net"
  packages = [
    "context",
    "http/httpguts",
    "http2",
    "http2/hpack",
    "idna",
    "internal/timeseries",
    "trace",
  ]
  pruneopts = "UT"
  revision = "f9ce57c11b242f0f1599cf25c89d8cb02c45295a"

[[projects]]
  branch = "master"
  digest = "1:4d7a8265af700258feaff86722049eb5b787240d66dfaf45ff4962f09de6e0be"
  name = "golang.org/x/sys"
  packages = ["unix"]
  pruneopts = "UT"
  revision = "acbc56fc7007d2a01796d5bde54f39e3b3e95945"

[[projects]]
  digest = "1:a2ab62866c75542dd18d2b069fec854577a20211d7c0ea6ae746072a1dccdd18"
  name = "golang.org/x/text"
  packages = [
    "collate",
    "collate/build",
    "internal/colltab",
    "internal/gen",
    "internal/tag",
    "internal/triegen",
    "internal/ucd",
    "language",
    "secure/bidirule",
    "transform",
    "unicode/bidi",
    "unicode/cldr",
    "unicode/norm",
    "unicode/rangetable",
  ]
  pruneopts = "UT"
  revision = "f21a4dfb5e38f5895301dc265a8def02365cc3d0"
  version = "v0.3.0"

[[projects]]
  digest = "1:cd018653a358d4b743a9d3bee89e825521f2ab2f2ec0770164bf7632d8d73ab7"
  name = "google.golang.org/genproto"
  packages = ["googleapis/rpc/status"]
  pruneopts = "UT"
  revision = "7fd901a49ba6a7f87732eb344f6e3c5b19d1b200"

[[projects]]
  digest = "1:c91f531431e38fdb3172acc315845998993e55bbeb5bcf726ff3922fd1c98ddd"
  name = "google.golang.org/grpc"
  packages = [
    ".",
    "balancer",
    "codes",
    "connectivity",
    "credentials",
    "grpclb/grpc_lb_v1/messages",
    "grpclog",
    "internal",
    "keepalive",
    "metadata",
    "naming",
    "peer",
    "resolver",
    "stats",
    "status",
    "tap",
    "transport",
  ]
  pruneopts = "UT"
  revision = "5b3c4e850e90a4cf6a20ebd46c8b32a0a3afcb9e"
  version = "v1.7.5"

[[projects]]
  digest = "1:342378ac4dcb378a5448dd723f0784ae519383532f5e70ade24132c4c8693202"
  name = "gopkg.in/yaml.v2"
  packages = ["."]
  pruneopts = "UT"
  revision = "5420a8b6744d3b0345ab293f6fcba19c978f1183"
  version = "v2.2.1"

[solve-meta]
  analyzer-name = "dep"
  analyzer-version = 1
  input-imports = [
    "bitbucket.org/shareringvn/cosmos-sdk/baseapp",
    "bitbucket.org/shareringvn/cosmos-sdk/types",
    "bitbucket.org/shareringvn/cosmos-sdk/wire",
    "github.com/btcsuite/btcd/btcec",
    "github.com/ethereum/go-ethereum/crypto/sha3",
    "github.com/google/go-cmp/cmp",
    "github.com/spf13/viper",
    "github.com/tendermint/abci/server",
    "github.com/tendermint/go-amino",
    "github.com/tendermint/go-crypto",
    "github.com/tendermint/tmlibs/cli",
    "github.com/tendermint/tmlibs/common",
    "github.com/tendermint/tmlibs/db",
    "github.com/tendermint/tmlibs/log",
  ]
  solver-name = "gps-cdcl"
  solver-version = 1
